
Microsoft Visual Studio Solution File, Format Version 12.00
# Visual Studio Version 16
VisualStudioVersion = 16.0.30320.27
MinimumVisualStudioVersion = 10.0.40219.1
Project("{FAE04EC0-301F-11D3-BF4B-00C04F79EFBC}") = "AIMainGameOptimizations", "AI_MainGameOptimizations\AIMainGameOptimizations.csproj", "{AC9FEB97-53F2-444D-B236-3B4FA65C091A}"
EndProject
Project("{2150E333-8FDC-42A3-9474-1A3956D46DE8}") = "Solution Items", "Solution Items", "{026C14F1-0067-4873-BCD6-0F18D884736F}"
	ProjectSection(SolutionItems) = preProject
		.editorconfig = .editorconfig
	EndProjectSection
EndProject
Global
	GlobalSection(SolutionConfigurationPlatforms) = preSolution
		Debug|Any CPU = Debug|Any CPU
		Release|Any CPU = Release|Any CPU
	EndGlobalSection
	GlobalSection(ProjectConfigurationPlatforms) = postSolution
		{AC9FEB97-53F2-444D-B236-3B4FA65C091A}.Debug|Any CPU.ActiveCfg = Debug|Any CPU
		{AC9FEB97-53F2-444D-B236-3B4FA65C091A}.Debug|Any CPU.Build.0 = Debug|Any CPU
		{AC9FEB97-53F2-444D-B236-3B4FA65C091A}.Release|Any CPU.ActiveCfg = Release|Any CPU
		{AC9FEB97-53F2-444D-B236-3B4FA65C091A}.Release|Any CPU.Build.0 = Release|Any CPU
	EndGlobalSection
	GlobalSection(SolutionProperties) = preSolution
		HideSolutionNode = FALSE
	EndGlobalSection
	GlobalSection(ExtensibilityGlobals) = postSolution
		SolutionGuid = {7F22EE92-B49E-4172-9278-AE950242B93A}
	EndGlobalSection
EndGlobal
